{
  "name": "yes",
  "version": "1.0.0",
  "lockfileVersion": 1,
  "requires": true,
  "dependencies": {
    "muse-ui": {
      "version": "2.1.0",
      "resolved": "http://registry.npm.taobao.org/muse-ui/download/muse-ui-2.1.0.tgz",
      "dev": true,
      "requires": {
        "keycode": "2.1.9",
        "lodash.tolower": "4.1.2"
      },
      "dependencies": {
        "keycode": {
          "version": "2.1.9",
          "resolved": "http://registry.npm.taobao.org/keycode/download/keycode-2.1.9.tgz",
          "dev": true
        },
        "lodash.tolower": {
          "version": "4.1.2",
          "resolved": "http://registry.npm.taobao.org/lodash.tolower/download/lodash.tolower-4.1.2.tgz",
          "dev": true
        }
      }
    },
    "vue": {
      "version": "2.5.9",
      "resolved": "http://registry.npm.taobao.org/vue/download/vue-2.5.9.tgz"
    },
    "vue-router": {
      "version": "3.0.1",
      "resolved": "https://registry.npmjs.org/vue-router/-/vue-router-3.0.1.tgz",
      "integrity": "sha512-vLLoY452L+JBpALMP5UHum9+7nzR9PeIBCghU9ZtJ1eWm6ieUI8Zb/DI3MYxH32bxkjzYV1LRjNv4qr8d+uX/w=="
    }
  }
}
